
Microsoft Visual Studio Solution File, Format Version 12.00
# Visual Studio Version 17
VisualStudioVersion = 17.9.34622.214
MinimumVisualStudioVersion = 10.0.40219.1
Project("{FAE04EC0-301F-11D3-BF4B-00C04F79EFBC}") = "training-management-internship", "training-management-internship\training-management-internship.csproj", "{DDAAF646-E9F4-4628-9892-46B201EBAA69}"
EndProject
Global
	GlobalSection(SolutionConfigurationPlatforms) = preSolution
		Debug|Any CPU = Debug|Any CPU
		Release|Any CPU = Release|Any CPU
	EndGlobalSection
	GlobalSection(ProjectConfigurationPlatforms) = postSolution
		{DDAAF646-E9F4-4628-9892-46B201EBAA69}.Debug|Any CPU.ActiveCfg = Debug|Any CPU
		{DDAAF646-E9F4-4628-9892-46B201EBAA69}.Debug|Any CPU.Build.0 = Debug|Any CPU
		{DDAAF646-E9F4-4628-9892-46B201EBAA69}.Release|Any CPU.ActiveCfg = Release|Any CPU
		{DDAAF646-E9F4-4628-9892-46B201EBAA69}.Release|Any CPU.Build.0 = Release|Any CPU
	EndGlobalSection
	GlobalSection(SolutionProperties) = preSolution
		HideSolutionNode = FALSE
	EndGlobalSection
	GlobalSection(ExtensibilityGlobals) = postSolution
		SolutionGuid = {A9FCC932-0A35-40CA-BC22-F9ECDBA96FBA}
	EndGlobalSection
EndGlobal
